// !$*UTF8*$!
{
	archiveVersion = 1;
	classes = {
	};
	objectVersion = 50;
	objects = {

/* Begin PBXBuildFile section */
		0412CE6422E0C25900A96D67 /* Localizable.strings in Resources */ = {isa = PBXBuildFile; fileRef = 0412CE6622E0C25900A96D67 /* Localizable.strings */; };
		0412CE8122E0CE2400A96D67 /* InfoPlist.strings in Resources */ = {isa = PBXBuildFile; fileRef = 0412CE8322E0CE2400A96D67 /* InfoPlist.strings */; };
		0412CE8622E8D9CF00A96D67 /* UIView+Extensions.swift in Sources */ = {isa = PBXBuildFile; fileRef = 0412CE8522E8D9CF00A96D67 /* UIView+Extensions.swift */; };
		0415DFC1228ED735003C2A0A /* Cards.plist in Resources */ = {isa = PBXBuildFile; fileRef = 0415DFC0228ED735003C2A0A /* Cards.plist */; };
		0415DFC3228ED9F1003C2A0A /* PublicTransportFares.plist in Resources */ = {isa = PBXBuildFile; fileRef = 0415DFC2228ED9F1003C2A0A /* PublicTransportFares.plist */; };
		0415DFC8228EF074003C2A0A /* PublicTransportFaresStateController.swift in Sources */ = {isa = PBXBuildFile; fileRef = 0415DFC7228EF074003C2A0A /* PublicTransportFaresStateController.swift */; };
		0415DFCB228EF0CD003C2A0A /* TransportCard.swift in Sources */ = {isa = PBXBuildFile; fileRef = 0415DFCA228EF0CD003C2A0A /* TransportCard.swift */; };
		0415DFCD228EF0DF003C2A0A /* TransportCardsStateController.swift in Sources */ = {isa = PBXBuildFile; fileRef = 0415DFCC228EF0DF003C2A0A /* TransportCardsStateController.swift */; };
		0415DFCF228EF11E003C2A0A /* TransportType.swift in Sources */ = {isa = PBXBuildFile; fileRef = 0415DFCE228EF11E003C2A0A /* TransportType.swift */; };
		0415DFD1228EF138003C2A0A /* Trip.swift in Sources */ = {isa = PBXBuildFile; fileRef = 0415DFD0228EF138003C2A0A /* Trip.swift */; };
		0415DFD3228EF162003C2A0A /* PublicTransportFares.swift in Sources */ = {isa = PBXBuildFile; fileRef = 0415DFD2228EF162003C2A0A /* PublicTransportFares.swift */; };
		0415DFD6228EF344003C2A0A /* TripsTrackerViewController.swift in Sources */ = {isa = PBXBuildFile; fileRef = 0415DFD5228EF344003C2A0A /* TripsTrackerViewController.swift */; };
		0415DFDC228F062B003C2A0A /* TripsTrackerView.swift in Sources */ = {isa = PBXBuildFile; fileRef = 0415DFDB228F062B003C2A0A /* TripsTrackerView.swift */; };
		0415DFDF228F1B74003C2A0A /* CurrencyTextFieldDelegate.swift in Sources */ = {isa = PBXBuildFile; fileRef = 0415DFDE228F1B74003C2A0A /* CurrencyTextFieldDelegate.swift */; };
		042679462119B16C008BF17E /* Date+Extensions.swift in Sources */ = {isa = PBXBuildFile; fileRef = 042679452119B16C008BF17E /* Date+Extensions.swift */; };
		0429C95622B815A80083BBE2 /* AppColors.swift in Sources */ = {isa = PBXBuildFile; fileRef = 0429C95522B815A80083BBE2 /* AppColors.swift */; };
		0429C95822B8192B0083BBE2 /* CalculatorController.swift in Sources */ = {isa = PBXBuildFile; fileRef = 0429C95722B8192B0083BBE2 /* CalculatorController.swift */; };
		0429C95A22B824E70083BBE2 /* Calculator.swift in Sources */ = {isa = PBXBuildFile; fileRef = 0429C95922B824E70083BBE2 /* Calculator.swift */; };
		043CD82822D76A4E00C17D22 /* StatisticsViewController.swift in Sources */ = {isa = PBXBuildFile; fileRef = 043CD82722D76A4E00C17D22 /* StatisticsViewController.swift */; };
		043CD82B22D7700E00C17D22 /* StatisticsTableViewCell.swift in Sources */ = {isa = PBXBuildFile; fileRef = 043CD82A22D7700E00C17D22 /* StatisticsTableViewCell.swift */; };
		043CD82D22D77CED00C17D22 /* StatisticsTotalAmountTableViewCell.swift in Sources */ = {isa = PBXBuildFile; fileRef = 043CD82C22D77CED00C17D22 /* StatisticsTotalAmountTableViewCell.swift */; };
		044531892292E6DA00866D59 /* Double+Extensions.swift in Sources */ = {isa = PBXBuildFile; fileRef = 044531882292E6DA00866D59 /* Double+Extensions.swift */; };
		0445318D229454F900866D59 /* MainTabBarController.swift in Sources */ = {isa = PBXBuildFile; fileRef = 0445318C229454F900866D59 /* MainTabBarController.swift */; };
		0445318F2294565A00866D59 /* String+Extensions.swift in Sources */ = {isa = PBXBuildFile; fileRef = 0445318E2294565A00866D59 /* String+Extensions.swift */; };
		0451FBCA21130C27001346C4 /* AppDelegate.swift in Sources */ = {isa = PBXBuildFile; fileRef = 0451FBC921130C27001346C4 /* AppDelegate.swift */; };
		0451FBCF21130C28001346C4 /* Main.storyboard in Resources */ = {isa = PBXBuildFile; fileRef = 0451FBCD21130C28001346C4 /* Main.storyboard */; };
		0451FBD121130C29001346C4 /* Assets.xcassets in Resources */ = {isa = PBXBuildFile; fileRef = 0451FBD021130C29001346C4 /* Assets.xcassets */; };
		0451FBD421130C29001346C4 /* LaunchScreen.storyboard in Resources */ = {isa = PBXBuildFile; fileRef = 0451FBD221130C29001346C4 /* LaunchScreen.storyboard */; };
		0462373A2118AE11008AD497 /* UIViewController+Extensions.swift in Sources */ = {isa = PBXBuildFile; fileRef = 046237392118AE11008AD497 /* UIViewController+Extensions.swift */; };
		047D3B6022D33DD9007F5997 /* CalculatorViewController.swift in Sources */ = {isa = PBXBuildFile; fileRef = 047D3B5F22D33DD9007F5997 /* CalculatorViewController.swift */; };
		047D3B6422D348AE007F5997 /* CalculatorDateTableViewCell.swift in Sources */ = {isa = PBXBuildFile; fileRef = 047D3B6322D348AE007F5997 /* CalculatorDateTableViewCell.swift */; };
		047D3B6722D35446007F5997 /* CalculatorPublicTripsTableViewCell.swift in Sources */ = {isa = PBXBuildFile; fileRef = 047D3B6622D35446007F5997 /* CalculatorPublicTripsTableViewCell.swift */; };
		047D3B6922D3584A007F5997 /* CalculatorCommercialAmountTableViewCell.swift in Sources */ = {isa = PBXBuildFile; fileRef = 047D3B6822D3584A007F5997 /* CalculatorCommercialAmountTableViewCell.swift */; };
		047D3B6B22D37084007F5997 /* CountTextFieldDelegate.swift in Sources */ = {isa = PBXBuildFile; fileRef = 047D3B6A22D37084007F5997 /* CountTextFieldDelegate.swift */; };
		047D3B6D22D39259007F5997 /* CalculatorAmountTableViewCell.swift in Sources */ = {isa = PBXBuildFile; fileRef = 047D3B6C22D39259007F5997 /* CalculatorAmountTableViewCell.swift */; };
		0488B2E0235756FE00ECCCB6 /* SwipeInteractor.swift in Sources */ = {isa = PBXBuildFile; fileRef = 0488B2DA235756FD00ECCCB6 /* SwipeInteractor.swift */; };
		0488B2E1235756FE00ECCCB6 /* SwipeableTabBarController.swift in Sources */ = {isa = PBXBuildFile; fileRef = 0488B2DB235756FD00ECCCB6 /* SwipeableTabBarController.swift */; };
		0488B2E2235756FE00ECCCB6 /* UIKit+Extensions.swift in Sources */ = {isa = PBXBuildFile; fileRef = 0488B2DC235756FE00ECCCB6 /* UIKit+Extensions.swift */; };
		0488B2E3235756FE00ECCCB6 /* SwipeAnimationType.swift in Sources */ = {isa = PBXBuildFile; fileRef = 0488B2DD235756FE00ECCCB6 /* SwipeAnimationType.swift */; };
		0488B2E4235756FE00ECCCB6 /* SwipeTransitioningProtocol.swift in Sources */ = {isa = PBXBuildFile; fileRef = 0488B2DE235756FE00ECCCB6 /* SwipeTransitioningProtocol.swift */; };
		0488B2E5235756FE00ECCCB6 /* SwipeTransitionAnimator.swift in Sources */ = {isa = PBXBuildFile; fileRef = 0488B2DF235756FE00ECCCB6 /* SwipeTransitionAnimator.swift */; };
		04E2247723048F9E00E5ACB8 /* ShadowedTableViewCell.swift in Sources */ = {isa = PBXBuildFile; fileRef = 04E2247623048F9E00E5ACB8 /* ShadowedTableViewCell.swift */; };
/* End PBXBuildFile section */

/* Begin PBXFileReference section */
		0412CE5822E0AB6E00A96D67 /* ru */ = {isa = PBXFileReference; lastKnownFileType = text.plist.strings; name = ru; path = ru.lproj/Main.strings; sourceTree = "<group>"; };
		0412CE5922E0AB6F00A96D67 /* ru */ = {isa = PBXFileReference; lastKnownFileType = text.plist.strings; name = ru; path = ru.lproj/LaunchScreen.strings; sourceTree = "<group>"; };
		0412CE5B22E0ABD800A96D67 /* en */ = {isa = PBXFileReference; lastKnownFileType = text.plist.strings; name = en; path = en.lproj/Main.strings; sourceTree = "<group>"; };
		0412CE6522E0C25900A96D67 /* en */ = {isa = PBXFileReference; lastKnownFileType = text.plist.strings; name = en; path = en.lproj/Localizable.strings; sourceTree = "<group>"; };
		0412CE6722E0C25D00A96D67 /* ru */ = {isa = PBXFileReference; lastKnownFileType = text.plist.strings; name = ru; path = ru.lproj/Localizable.strings; sourceTree = "<group>"; };
		0412CE7D22E0CD2900A96D67 /* Info.plist */ = {isa = PBXFileReference; fileEncoding = 4; lastKnownFileType = text.plist.xml; path = Info.plist; sourceTree = "<group>"; };
		0412CE8222E0CE2400A96D67 /* en */ = {isa = PBXFileReference; lastKnownFileType = text.plist.strings; name = en; path = en.lproj/InfoPlist.strings; sourceTree = "<group>"; };
		0412CE8422E0CE2700A96D67 /* ru */ = {isa = PBXFileReference; lastKnownFileType = text.plist.strings; name = ru; path = ru.lproj/InfoPlist.strings; sourceTree = "<group>"; };
		0412CE8522E8D9CF00A96D67 /* UIView+Extensions.swift */ = {isa = PBXFileReference; lastKnownFileType = sourcecode.swift; path = "UIView+Extensions.swift"; sourceTree = "<group>"; };
		0415DFC0228ED735003C2A0A /* Cards.plist */ = {isa = PBXFileReference; lastKnownFileType = text.plist.xml; path = Cards.plist; sourceTree = "<group>"; };
		0415DFC2228ED9F1003C2A0A /* PublicTransportFares.plist */ = {isa = PBXFileReference; lastKnownFileType = text.plist.xml; path = PublicTransportFares.plist; sourceTree = "<group>"; };
		0415DFC7228EF074003C2A0A /* PublicTransportFaresStateController.swift */ = {isa = PBXFileReference; lastKnownFileType = sourcecode.swift; path = PublicTransportFaresStateController.swift; sourceTree = "<group>"; };
		0415DFCA228EF0CD003C2A0A /* TransportCard.swift */ = {isa = PBXFileReference; lastKnownFileType = sourcecode.swift; path = TransportCard.swift; sourceTree = "<group>"; };
		0415DFCC228EF0DF003C2A0A /* TransportCardsStateController.swift */ = {isa = PBXFileReference; lastKnownFileType = sourcecode.swift; path = TransportCardsStateController.swift; sourceTree = "<group>"; };
		0415DFCE228EF11E003C2A0A /* TransportType.swift */ = {isa = PBXFileReference; lastKnownFileType = sourcecode.swift; path = TransportType.swift; sourceTree = "<group>"; };
		0415DFD0228EF138003C2A0A /* Trip.swift */ = {isa = PBXFileReference; lastKnownFileType = sourcecode.swift; path = Trip.swift; sourceTree = "<group>"; };
		0415DFD2228EF162003C2A0A /* PublicTransportFares.swift */ = {isa = PBXFileReference; lastKnownFileType = sourcecode.swift; path = PublicTransportFares.swift; sourceTree = "<group>"; };
		0415DFD5228EF344003C2A0A /* TripsTrackerViewController.swift */ = {isa = PBXFileReference; lastKnownFileType = sourcecode.swift; path = TripsTrackerViewController.swift; sourceTree = "<group>"; };
		0415DFDB228F062B003C2A0A /* TripsTrackerView.swift */ = {isa = PBXFileReference; lastKnownFileType = sourcecode.swift; path = TripsTrackerView.swift; sourceTree = "<group>"; };
		0415DFDE228F1B74003C2A0A /* CurrencyTextFieldDelegate.swift */ = {isa = PBXFileReference; lastKnownFileType = sourcecode.swift; path = CurrencyTextFieldDelegate.swift; sourceTree = "<group>"; };
		042679452119B16C008BF17E /* Date+Extensions.swift */ = {isa = PBXFileReference; lastKnownFileType = sourcecode.swift; path = "Date+Extensions.swift"; sourceTree = "<group>"; };
		0429C95522B815A80083BBE2 /* AppColors.swift */ = {isa = PBXFileReference; lastKnownFileType = sourcecode.swift; path = AppColors.swift; sourceTree = "<group>"; };
		0429C95722B8192B0083BBE2 /* CalculatorController.swift */ = {isa = PBXFileReference; lastKnownFileType = sourcecode.swift; path = CalculatorController.swift; sourceTree = "<group>"; };
		0429C95922B824E70083BBE2 /* Calculator.swift */ = {isa = PBXFileReference; lastKnownFileType = sourcecode.swift; path = Calculator.swift; sourceTree = "<group>"; };
		043CD82722D76A4E00C17D22 /* StatisticsViewController.swift */ = {isa = PBXFileReference; lastKnownFileType = sourcecode.swift; path = StatisticsViewController.swift; sourceTree = "<group>"; };
		043CD82A22D7700E00C17D22 /* StatisticsTableViewCell.swift */ = {isa = PBXFileReference; lastKnownFileType = sourcecode.swift; path = StatisticsTableViewCell.swift; sourceTree = "<group>"; };
		043CD82C22D77CED00C17D22 /* StatisticsTotalAmountTableViewCell.swift */ = {isa = PBXFileReference; lastKnownFileType = sourcecode.swift; path = StatisticsTotalAmountTableViewCell.swift; sourceTree = "<group>"; };
		044531882292E6DA00866D59 /* Double+Extensions.swift */ = {isa = PBXFileReference; lastKnownFileType = sourcecode.swift; path = "Double+Extensions.swift"; sourceTree = "<group>"; };
		0445318C229454F900866D59 /* MainTabBarController.swift */ = {isa = PBXFileReference; lastKnownFileType = sourcecode.swift; path = MainTabBarController.swift; sourceTree = "<group>"; };
		0445318E2294565A00866D59 /* String+Extensions.swift */ = {isa = PBXFileReference; lastKnownFileType = sourcecode.swift; path = "String+Extensions.swift"; sourceTree = "<group>"; };
		0451FBC621130C27001346C4 /* Podorozhnik.app */ = {isa = PBXFileReference; explicitFileType = wrapper.application; includeInIndex = 0; path = Podorozhnik.app; sourceTree = BUILT_PRODUCTS_DIR; };
		0451FBC921130C27001346C4 /* AppDelegate.swift */ = {isa = PBXFileReference; lastKnownFileType = sourcecode.swift; path = AppDelegate.swift; sourceTree = "<group>"; };
		0451FBCE21130C28001346C4 /* Base */ = {isa = PBXFileReference; lastKnownFileType = file.storyboard; name = Base; path = Base.lproj/Main.storyboard; sourceTree = "<group>"; };
		0451FBD021130C29001346C4 /* Assets.xcassets */ = {isa = PBXFileReference; lastKnownFileType = folder.assetcatalog; path = Assets.xcassets; sourceTree = "<group>"; };
		0451FBD321130C29001346C4 /* Base */ = {isa = PBXFileReference; lastKnownFileType = file.storyboard; name = Base; path = Base.lproj/LaunchScreen.storyboard; sourceTree = "<group>"; };
		046237392118AE11008AD497 /* UIViewController+Extensions.swift */ = {isa = PBXFileReference; lastKnownFileType = sourcecode.swift; path = "UIViewController+Extensions.swift"; sourceTree = "<group>"; };
		047D3B5F22D33DD9007F5997 /* CalculatorViewController.swift */ = {isa = PBXFileReference; lastKnownFileType = sourcecode.swift; path = CalculatorViewController.swift; sourceTree = "<group>"; };
		047D3B6322D348AE007F5997 /* CalculatorDateTableViewCell.swift */ = {isa = PBXFileReference; lastKnownFileType = sourcecode.swift; path = CalculatorDateTableViewCell.swift; sourceTree = "<group>"; };
		047D3B6622D35446007F5997 /* CalculatorPublicTripsTableViewCell.swift */ = {isa = PBXFileReference; lastKnownFileType = sourcecode.swift; path = CalculatorPublicTripsTableViewCell.swift; sourceTree = "<group>"; };
		047D3B6822D3584A007F5997 /* CalculatorCommercialAmountTableViewCell.swift */ = {isa = PBXFileReference; lastKnownFileType = sourcecode.swift; path = CalculatorCommercialAmountTableViewCell.swift; sourceTree = "<group>"; };
		047D3B6A22D37084007F5997 /* CountTextFieldDelegate.swift */ = {isa = PBXFileReference; lastKnownFileType = sourcecode.swift; path = CountTextFieldDelegate.swift; sourceTree = "<group>"; };
		047D3B6C22D39259007F5997 /* CalculatorAmountTableViewCell.swift */ = {isa = PBXFileReference; lastKnownFileType = sourcecode.swift; path = CalculatorAmountTableViewCell.swift; sourceTree = "<group>"; };
		0488B2DA235756FD00ECCCB6 /* SwipeInteractor.swift */ = {isa = PBXFileReference; fileEncoding = 4; lastKnownFileType = sourcecode.swift; path = SwipeInteractor.swift; sourceTree = "<group>"; };
		0488B2DB235756FD00ECCCB6 /* SwipeableTabBarController.swift */ = {isa = PBXFileReference; fileEncoding = 4; lastKnownFileType = sourcecode.swift; path = SwipeableTabBarController.swift; sourceTree = "<group>"; };
		0488B2DC235756FE00ECCCB6 /* UIKit+Extensions.swift */ = {isa = PBXFileReference; fileEncoding = 4; lastKnownFileType = sourcecode.swift; path = "UIKit+Extensions.swift"; sourceTree = "<group>"; };
		0488B2DD235756FE00ECCCB6 /* SwipeAnimationType.swift */ = {isa = PBXFileReference; fileEncoding = 4; lastKnownFileType = sourcecode.swift; path = SwipeAnimationType.swift; sourceTree = "<group>"; };
		0488B2DE235756FE00ECCCB6 /* SwipeTransitioningProtocol.swift */ = {isa = PBXFileReference; fileEncoding = 4; lastKnownFileType = sourcecode.swift; path = SwipeTransitioningProtocol.swift; sourceTree = "<group>"; };
		0488B2DF235756FE00ECCCB6 /* SwipeTransitionAnimator.swift */ = {isa = PBXFileReference; fileEncoding = 4; lastKnownFileType = sourcecode.swift; path = SwipeTransitionAnimator.swift; sourceTree = "<group>"; };
		04E2247623048F9E00E5ACB8 /* ShadowedTableViewCell.swift */ = {isa = PBXFileReference; lastKnownFileType = sourcecode.swift; path = ShadowedTableViewCell.swift; sourceTree = "<group>"; };
/* End PBXFileReference section */

/* Begin PBXFrameworksBuildPhase section */
		0451FBC321130C27001346C4 /* Frameworks */ = {
			isa = PBXFrameworksBuildPhase;
			buildActionMask = 2147483647;
			files = (
			);
			runOnlyForDeploymentPostprocessing = 0;
		};
/* End PBXFrameworksBuildPhase section */

/* Begin PBXGroup section */
		0415DFC5228EF052003C2A0A /* Model */ = {
			isa = PBXGroup;
			children = (
				0415DFD2228EF162003C2A0A /* PublicTransportFares.swift */,
				0415DFCA228EF0CD003C2A0A /* TransportCard.swift */,
				0415DFCE228EF11E003C2A0A /* TransportType.swift */,
				0415DFD0228EF138003C2A0A /* Trip.swift */,
				0429C95922B824E70083BBE2 /* Calculator.swift */,
			);
			path = Model;
			sourceTree = "<group>";
		};
		0415DFC6228EF058003C2A0A /* Model Controllers */ = {
			isa = PBXGroup;
			children = (
				0415DFC7228EF074003C2A0A /* PublicTransportFaresStateController.swift */,
				0415DFCC228EF0DF003C2A0A /* TransportCardsStateController.swift */,
				0429C95722B8192B0083BBE2 /* CalculatorController.swift */,
			);
			path = "Model Controllers";
			sourceTree = "<group>";
		};
		0415DFD4228EF31F003C2A0A /* View Controllers */ = {
			isa = PBXGroup;
			children = (
				0488B2D9235756D000ECCCB6 /* SwipeableTabBarController */,
				0445318C229454F900866D59 /* MainTabBarController.swift */,
				0415DFD5228EF344003C2A0A /* TripsTrackerViewController.swift */,
				047D3B5F22D33DD9007F5997 /* CalculatorViewController.swift */,
				043CD82722D76A4E00C17D22 /* StatisticsViewController.swift */,
			);
			path = "View Controllers";
			sourceTree = "<group>";
		};
		0415DFD8228F05AE003C2A0A /* Views */ = {
			isa = PBXGroup;
			children = (
				0415DFDB228F062B003C2A0A /* TripsTrackerView.swift */,
				04E2247623048F9E00E5ACB8 /* ShadowedTableViewCell.swift */,
				047D3B6522D348B4007F5997 /* Calculator Table View Cells */,
				043CD82922D76FC900C17D22 /* Statistics Table View Cells */,
			);
			path = Views;
			sourceTree = "<group>";
		};
		0429C95422B815940083BBE2 /* Utilities */ = {
			isa = PBXGroup;
			children = (
				0429C95522B815A80083BBE2 /* AppColors.swift */,
			);
			path = Utilities;
			sourceTree = "<group>";
		};
		043CD82922D76FC900C17D22 /* Statistics Table View Cells */ = {
			isa = PBXGroup;
			children = (
				043CD82A22D7700E00C17D22 /* StatisticsTableViewCell.swift */,
				043CD82C22D77CED00C17D22 /* StatisticsTotalAmountTableViewCell.swift */,
			);
			path = "Statistics Table View Cells";
			sourceTree = "<group>";
		};
		0445318A2292E72700866D59 /* Extensions */ = {
			isa = PBXGroup;
			children = (
				0472507422D5F3D100774D9B /* UI */,
				0472507522D5F3D700774D9B /* Other */,
			);
			path = Extensions;
			sourceTree = "<group>";
		};
		0445318B2292EA6500866D59 /* View Model */ = {
			isa = PBXGroup;
			children = (
				0415DFDE228F1B74003C2A0A /* CurrencyTextFieldDelegate.swift */,
				047D3B6A22D37084007F5997 /* CountTextFieldDelegate.swift */,
			);
			path = "View Model";
			sourceTree = "<group>";
		};
		0451FBBD21130C27001346C4 = {
			isa = PBXGroup;
			children = (
				0451FBC821130C27001346C4 /* Podorozhnik */,
				0451FBC721130C27001346C4 /* Products */,
			);
			sourceTree = "<group>";
		};
		0451FBC721130C27001346C4 /* Products */ = {
			isa = PBXGroup;
			children = (
				0451FBC621130C27001346C4 /* Podorozhnik.app */,
			);
			name = Products;
			sourceTree = "<group>";
		};
		0451FBC821130C27001346C4 /* Podorozhnik */ = {
			isa = PBXGroup;
			children = (
				0451FBDE21130C7E001346C4 /* Resources */,
				04738DB622785ABE005A0523 /* Sources */,
				0451FBDF21130C94001346C4 /* Supporting Files */,
			);
			path = Podorozhnik;
			sourceTree = "<group>";
		};
		0451FBDD21130C66001346C4 /* Storyboards */ = {
			isa = PBXGroup;
			children = (
				0451FBCD21130C28001346C4 /* Main.storyboard */,
				0451FBD221130C29001346C4 /* LaunchScreen.storyboard */,
			);
			path = Storyboards;
			sourceTree = "<group>";
		};
		0451FBDE21130C7E001346C4 /* Resources */ = {
			isa = PBXGroup;
			children = (
				0451FBD021130C29001346C4 /* Assets.xcassets */,
				0412CE6622E0C25900A96D67 /* Localizable.strings */,
				0451FBDD21130C66001346C4 /* Storyboards */,
				0415DFC0228ED735003C2A0A /* Cards.plist */,
				0415DFC2228ED9F1003C2A0A /* PublicTransportFares.plist */,
			);
			path = Resources;
			sourceTree = "<group>";
		};
		0451FBDF21130C94001346C4 /* Supporting Files */ = {
			isa = PBXGroup;
			children = (
				0412CE7D22E0CD2900A96D67 /* Info.plist */,
				0412CE8322E0CE2400A96D67 /* InfoPlist.strings */,
			);
			path = "Supporting Files";
			sourceTree = "<group>";
		};
		0472507422D5F3D100774D9B /* UI */ = {
			isa = PBXGroup;
			children = (
				046237392118AE11008AD497 /* UIViewController+Extensions.swift */,
				0412CE8522E8D9CF00A96D67 /* UIView+Extensions.swift */,
			);
			path = UI;
			sourceTree = "<group>";
		};
		0472507522D5F3D700774D9B /* Other */ = {
			isa = PBXGroup;
			children = (
				044531882292E6DA00866D59 /* Double+Extensions.swift */,
				0445318E2294565A00866D59 /* String+Extensions.swift */,
				042679452119B16C008BF17E /* Date+Extensions.swift */,
			);
			path = Other;
			sourceTree = "<group>";
		};
		04738DB622785ABE005A0523 /* Sources */ = {
			isa = PBXGroup;
			children = (
				0451FBC921130C27001346C4 /* AppDelegate.swift */,
				0429C95422B815940083BBE2 /* Utilities */,
				0445318A2292E72700866D59 /* Extensions */,
				0415DFC5228EF052003C2A0A /* Model */,
				0415DFC6228EF058003C2A0A /* Model Controllers */,
				0415DFD4228EF31F003C2A0A /* View Controllers */,
				0445318B2292EA6500866D59 /* View Model */,
				0415DFD8228F05AE003C2A0A /* Views */,
			);
			path = Sources;
			sourceTree = "<group>";
		};
		047D3B6522D348B4007F5997 /* Calculator Table View Cells */ = {
			isa = PBXGroup;
			children = (
				047D3B6322D348AE007F5997 /* CalculatorDateTableViewCell.swift */,
				047D3B6622D35446007F5997 /* CalculatorPublicTripsTableViewCell.swift */,
				047D3B6822D3584A007F5997 /* CalculatorCommercialAmountTableViewCell.swift */,
				047D3B6C22D39259007F5997 /* CalculatorAmountTableViewCell.swift */,
			);
			path = "Calculator Table View Cells";
			sourceTree = "<group>";
		};
		0488B2D9235756D000ECCCB6 /* SwipeableTabBarController */ = {
			isa = PBXGroup;
			children = (
				0488B2DB235756FD00ECCCB6 /* SwipeableTabBarController.swift */,
				0488B2DD235756FE00ECCCB6 /* SwipeAnimationType.swift */,
				0488B2DA235756FD00ECCCB6 /* SwipeInteractor.swift */,
				0488B2DF235756FE00ECCCB6 /* SwipeTransitionAnimator.swift */,
				0488B2DE235756FE00ECCCB6 /* SwipeTransitioningProtocol.swift */,
				0488B2DC235756FE00ECCCB6 /* UIKit+Extensions.swift */,
			);
			path = SwipeableTabBarController;
			sourceTree = "<group>";
		};
/* End PBXGroup section */

/* Begin PBXNativeTarget section */
		0451FBC521130C27001346C4 /* Podorozhnik */ = {
			isa = PBXNativeTarget;
			buildConfigurationList = 0451FBD821130C29001346C4 /* Build configuration list for PBXNativeTarget "Podorozhnik" */;
			buildPhases = (
				0451FBC221130C27001346C4 /* Sources */,
				0451FBC321130C27001346C4 /* Frameworks */,
				0451FBC421130C27001346C4 /* Resources */,
			);
			buildRules = (
			);
			dependencies = (
			);
			name = Podorozhnik;
			productName = Podorozhnik;
			productReference = 0451FBC621130C27001346C4 /* Podorozhnik.app */;
			productType = "com.apple.product-type.application";
		};
/* End PBXNativeTarget section */

/* Begin PBXProject section */
		0451FBBE21130C27001346C4 /* Project object */ = {
			isa = PBXProject;
			attributes = {
				LastSwiftUpdateCheck = 1030;
				LastUpgradeCheck = 0940;
				ORGANIZATIONNAME = "Виктория Бадисова";
				TargetAttributes = {
					0451FBC521130C27001346C4 = {
						CreatedOnToolsVersion = 9.4.1;
						LastSwiftMigration = 1020;
					};
				};
			};
			buildConfigurationList = 0451FBC121130C27001346C4 /* Build configuration list for PBXProject "Podorozhnik" */;
			compatibilityVersion = "Xcode 9.3";
			developmentRegion = en;
			hasScannedForEncodings = 0;
			knownRegions = (
				en,
				Base,
				ru,
			);
			mainGroup = 0451FBBD21130C27001346C4;
			productRefGroup = 0451FBC721130C27001346C4 /* Products */;
			projectDirPath = "";
			projectRoot = "";
			targets = (
				0451FBC521130C27001346C4 /* Podorozhnik */,
			);
		};
/* End PBXProject section */

/* Begin PBXResourcesBuildPhase section */
		0451FBC421130C27001346C4 /* Resources */ = {
			isa = PBXResourcesBuildPhase;
			buildActionMask = 2147483647;
			files = (
				0451FBD421130C29001346C4 /* LaunchScreen.storyboard in Resources */,
				0412CE8122E0CE2400A96D67 /* InfoPlist.strings in Resources */,
				0415DFC1228ED735003C2A0A /* Cards.plist in Resources */,
				0412CE6422E0C25900A96D67 /* Localizable.strings in Resources */,
				0451FBD121130C29001346C4 /* Assets.xcassets in Resources */,
				0451FBCF21130C28001346C4 /* Main.storyboard in Resources */,
				0415DFC3228ED9F1003C2A0A /* PublicTransportFares.plist in Resources */,
			);
			runOnlyForDeploymentPostprocessing = 0;
		};
/* End PBXResourcesBuildPhase section */

/* Begin PBXSourcesBuildPhase section */
		0451FBC221130C27001346C4 /* Sources */ = {
			isa = PBXSourcesBuildPhase;
			buildActionMask = 2147483647;
			files = (
				0462373A2118AE11008AD497 /* UIViewController+Extensions.swift in Sources */,
				0488B2E3235756FE00ECCCB6 /* SwipeAnimationType.swift in Sources */,
				042679462119B16C008BF17E /* Date+Extensions.swift in Sources */,
				0445318D229454F900866D59 /* MainTabBarController.swift in Sources */,
				0415DFC8228EF074003C2A0A /* PublicTransportFaresStateController.swift in Sources */,
				0415DFCF228EF11E003C2A0A /* TransportType.swift in Sources */,
				043CD82822D76A4E00C17D22 /* StatisticsViewController.swift in Sources */,
				043CD82D22D77CED00C17D22 /* StatisticsTotalAmountTableViewCell.swift in Sources */,
				0415DFDF228F1B74003C2A0A /* CurrencyTextFieldDelegate.swift in Sources */,
				0429C95822B8192B0083BBE2 /* CalculatorController.swift in Sources */,
				047D3B6022D33DD9007F5997 /* CalculatorViewController.swift in Sources */,
				0429C95622B815A80083BBE2 /* AppColors.swift in Sources */,
				047D3B6922D3584A007F5997 /* CalculatorCommercialAmountTableViewCell.swift in Sources */,
				047D3B6B22D37084007F5997 /* CountTextFieldDelegate.swift in Sources */,
				04E2247723048F9E00E5ACB8 /* ShadowedTableViewCell.swift in Sources */,
				0445318F2294565A00866D59 /* String+Extensions.swift in Sources */,
				0412CE8622E8D9CF00A96D67 /* UIView+Extensions.swift in Sources */,
				047D3B6D22D39259007F5997 /* CalculatorAmountTableViewCell.swift in Sources */,
				047D3B6722D35446007F5997 /* CalculatorPublicTripsTableViewCell.swift in Sources */,
				0488B2E2235756FE00ECCCB6 /* UIKit+Extensions.swift in Sources */,
				044531892292E6DA00866D59 /* Double+Extensions.swift in Sources */,
				0415DFD6228EF344003C2A0A /* TripsTrackerViewController.swift in Sources */,
				0429C95A22B824E70083BBE2 /* Calculator.swift in Sources */,
				0415DFD1228EF138003C2A0A /* Trip.swift in Sources */,
				0488B2E1235756FE00ECCCB6 /* SwipeableTabBarController.swift in Sources */,
				047D3B6422D348AE007F5997 /* CalculatorDateTableViewCell.swift in Sources */,
				0415DFDC228F062B003C2A0A /* TripsTrackerView.swift in Sources */,
				0451FBCA21130C27001346C4 /* AppDelegate.swift in Sources */,
				0415DFCD228EF0DF003C2A0A /* TransportCardsStateController.swift in Sources */,
				043CD82B22D7700E00C17D22 /* StatisticsTableViewCell.swift in Sources */,
				0488B2E0235756FE00ECCCB6 /* SwipeInteractor.swift in Sources */,
				0488B2E5235756FE00ECCCB6 /* SwipeTransitionAnimator.swift in Sources */,
				0415DFCB228EF0CD003C2A0A /* TransportCard.swift in Sources */,
				0488B2E4235756FE00ECCCB6 /* SwipeTransitioningProtocol.swift in Sources */,
				0415DFD3228EF162003C2A0A /* PublicTransportFares.swift in Sources */,
			);
			runOnlyForDeploymentPostprocessing = 0;
		};
/* End PBXSourcesBuildPhase section */

/* Begin PBXVariantGroup section */
		0412CE6622E0C25900A96D67 /* Localizable.strings */ = {
			isa = PBXVariantGroup;
			children = (
				0412CE6522E0C25900A96D67 /* en */,
				0412CE6722E0C25D00A96D67 /* ru */,
			);
			name = Localizable.strings;
			sourceTree = "<group>";
		};
		0412CE8322E0CE2400A96D67 /* InfoPlist.strings */ = {
			isa = PBXVariantGroup;
			children = (
				0412CE8222E0CE2400A96D67 /* en */,
				0412CE8422E0CE2700A96D67 /* ru */,
			);
			name = InfoPlist.strings;
			sourceTree = "<group>";
		};
		0451FBCD21130C28001346C4 /* Main.storyboard */ = {
			isa = PBXVariantGroup;
			children = (
				0451FBCE21130C28001346C4 /* Base */,
				0412CE5822E0AB6E00A96D67 /* ru */,
				0412CE5B22E0ABD800A96D67 /* en */,
			);
			name = Main.storyboard;
			sourceTree = "<group>";
		};
		0451FBD221130C29001346C4 /* LaunchScreen.storyboard */ = {
			isa = PBXVariantGroup;
			children = (
				0451FBD321130C29001346C4 /* Base */,
				0412CE5922E0AB6F00A96D67 /* ru */,
			);
			name = LaunchScreen.storyboard;
			sourceTree = "<group>";
		};
/* End PBXVariantGroup section */

/* Begin XCBuildConfiguration section */
		0451FBD621130C29001346C4 /* Debug */ = {
			isa = XCBuildConfiguration;
			buildSettings = {
				ALWAYS_SEARCH_USER_PATHS = NO;
				CLANG_ANALYZER_LOCALIZABILITY_NONLOCALIZED = YES;
				CLANG_ANALYZER_NONNULL = YES;
				CLANG_ANALYZER_NUMBER_OBJECT_CONVERSION = YES_AGGRESSIVE;
				CLANG_CXX_LANGUAGE_STANDARD = "gnu++14";
				CLANG_CXX_LIBRARY = "libc++";
				CLANG_ENABLE_MODULES = YES;
				CLANG_ENABLE_OBJC_ARC = YES;
				CLANG_ENABLE_OBJC_WEAK = YES;
				CLANG_WARN_BLOCK_CAPTURE_AUTORELEASING = YES;
				CLANG_WARN_BOOL_CONVERSION = YES;
				CLANG_WARN_COMMA = YES;
				CLANG_WARN_CONSTANT_CONVERSION = YES;
				CLANG_WARN_DEPRECATED_OBJC_IMPLEMENTATIONS = YES;
				CLANG_WARN_DIRECT_OBJC_ISA_USAGE = YES_ERROR;
				CLANG_WARN_DOCUMENTATION_COMMENTS = YES;
				CLANG_WARN_EMPTY_BODY = YES;
				CLANG_WARN_ENUM_CONVERSION = YES;
				CLANG_WARN_INFINITE_RECURSION = YES;
				CLANG_WARN_INT_CONVERSION = YES;
				CLANG_WARN_NON_LITERAL_NULL_CONVERSION = YES;
				CLANG_WARN_OBJC_IMPLICIT_RETAIN_SELF = YES;
				CLANG_WARN_OBJC_LITERAL_CONVERSION = YES;
				CLANG_WARN_OBJC_ROOT_CLASS = YES_ERROR;
				CLANG_WARN_RANGE_LOOP_ANALYSIS = YES;
				CLANG_WARN_STRICT_PROTOTYPES = YES;
				CLANG_WARN_SUSPICIOUS_MOVE = YES;
				CLANG_WARN_UNGUARDED_AVAILABILITY = YES_AGGRESSIVE;
				CLANG_WARN_UNREACHABLE_CODE = YES;
				CLANG_WARN__DUPLICATE_METHOD_MATCH = YES;
				CODE_SIGN_IDENTITY = "iPhone Developer";
				COPY_PHASE_STRIP = NO;
				DEBUG_INFORMATION_FORMAT = dwarf;
				ENABLE_STRICT_OBJC_MSGSEND = YES;
				ENABLE_TESTABILITY = YES;
				GCC_C_LANGUAGE_STANDARD = gnu11;
				GCC_DYNAMIC_NO_PIC = NO;
				GCC_NO_COMMON_BLOCKS = YES;
				GCC_OPTIMIZATION_LEVEL = 0;
				GCC_PREPROCESSOR_DEFINITIONS = (
					"DEBUG=1",
					"$(inherited)",
				);
				GCC_WARN_64_TO_32_BIT_CONVERSION = YES;
				GCC_WARN_ABOUT_RETURN_TYPE = YES_ERROR;
				GCC_WARN_UNDECLARED_SELECTOR = YES;
				GCC_WARN_UNINITIALIZED_AUTOS = YES_AGGRESSIVE;
				GCC_WARN_UNUSED_FUNCTION = YES;
				GCC_WARN_UNUSED_VARIABLE = YES;
				IPHONEOS_DEPLOYMENT_TARGET = 11.0;
				MTL_ENABLE_DEBUG_INFO = YES;
				ONLY_ACTIVE_ARCH = YES;
				SDKROOT = iphoneos;
				SWIFT_ACTIVE_COMPILATION_CONDITIONS = DEBUG;
				SWIFT_OPTIMIZATION_LEVEL = "-Onone";
			};
			name = Debug;
		};
		0451FBD721130C29001346C4 /* Release */ = {
			isa = XCBuildConfiguration;
			buildSettings = {
				ALWAYS_SEARCH_USER_PATHS = NO;
				CLANG_ANALYZER_LOCALIZABILITY_NONLOCALIZED = YES;
				CLANG_ANALYZER_NONNULL = YES;
				CLANG_ANALYZER_NUMBER_OBJECT_CONVERSION = YES_AGGRESSIVE;
				CLANG_CXX_LANGUAGE_STANDARD = "gnu++14";
				CLANG_CXX_LIBRARY = "libc++";
				CLANG_ENABLE_MODULES = YES;
				CLANG_ENABLE_OBJC_ARC = YES;
				CLANG_ENABLE_OBJC_WEAK = YES;
				CLANG_WARN_BLOCK_CAPTURE_AUTORELEASING = YES;
				CLANG_WARN_BOOL_CONVERSION = YES;
				CLANG_WARN_COMMA = YES;
				CLANG_WARN_CONSTANT_CONVERSION = YES;
				CLANG_WARN_DEPRECATED_OBJC_IMPLEMENTATIONS = YES;
				CLANG_WARN_DIRECT_OBJC_ISA_USAGE = YES_ERROR;
				CLANG_WARN_DOCUMENTATION_COMMENTS = YES;
				CLANG_WARN_EMPTY_BODY = YES;
				CLANG_WARN_ENUM_CONVERSION = YES;
				CLANG_WARN_INFINITE_RECURSION = YES;
				CLANG_WARN_INT_CONVERSION = YES;
				CLANG_WARN_NON_LITERAL_NULL_CONVERSION = YES;
				CLANG_WARN_OBJC_IMPLICIT_RETAIN_SELF = YES;
				CLANG_WARN_OBJC_LITERAL_CONVERSION = YES;
				CLANG_WARN_OBJC_ROOT_CLASS = YES_ERROR;
				CLANG_WARN_RANGE_LOOP_ANALYSIS = YES;
				CLANG_WARN_STRICT_PROTOTYPES = YES;
				CLANG_WARN_SUSPICIOUS_MOVE = YES;
				CLANG_WARN_UNGUARDED_AVAILABILITY = YES_AGGRESSIVE;
				CLANG_WARN_UNREACHABLE_CODE = YES;
				CLANG_WARN__DUPLICATE_METHOD_MATCH = YES;
				CODE_SIGN_IDENTITY = "iPhone Developer";
				COPY_PHASE_STRIP = NO;
				DEBUG_INFORMATION_FORMAT = "dwarf-with-dsym";
				ENABLE_NS_ASSERTIONS = NO;
				ENABLE_STRICT_OBJC_MSGSEND = YES;
				GCC_C_LANGUAGE_STANDARD = gnu11;
				GCC_NO_COMMON_BLOCKS = YES;
				GCC_WARN_64_TO_32_BIT_CONVERSION = YES;
				GCC_WARN_ABOUT_RETURN_TYPE = YES_ERROR;
				GCC_WARN_UNDECLARED_SELECTOR = YES;
				GCC_WARN_UNINITIALIZED_AUTOS = YES_AGGRESSIVE;
				GCC_WARN_UNUSED_FUNCTION = YES;
				GCC_WARN_UNUSED_VARIABLE = YES;
				IPHONEOS_DEPLOYMENT_TARGET = 11.0;
				MTL_ENABLE_DEBUG_INFO = NO;
				SDKROOT = iphoneos;
				SWIFT_COMPILATION_MODE = wholemodule;
				SWIFT_OPTIMIZATION_LEVEL = "-O";
				VALIDATE_PRODUCT = YES;
			};
			name = Release;
		};
		0451FBD921130C29001346C4 /* Debug */ = {
			isa = XCBuildConfiguration;
			buildSettings = {
				ASSETCATALOG_COMPILER_APPICON_NAME = AppIcon;
				CODE_SIGN_STYLE = Automatic;
				CURRENT_PROJECT_VERSION = 3;
				DEVELOPMENT_TEAM = 9E7V52UM47;
				INFOPLIST_FILE = "Podorozhnik/Supporting Files/Info.plist";
				LD_RUNPATH_SEARCH_PATHS = (
					"$(inherited)",
					"@executable_path/Frameworks",
				);
				MARKETING_VERSION = 1.1;
				PRODUCT_BUNDLE_IDENTIFIER = com.vbadisova.Podorozhnik;
				PRODUCT_NAME = "$(TARGET_NAME)";
				SWIFT_VERSION = 5.0;
				TARGETED_DEVICE_FAMILY = 1;
			};
			name = Debug;
		};
		0451FBDA21130C29001346C4 /* Release */ = {
			isa = XCBuildConfiguration;
			buildSettings = {
				ASSETCATALOG_COMPILER_APPICON_NAME = AppIcon;
				CODE_SIGN_STYLE = Automatic;
				CURRENT_PROJECT_VERSION = 3;
				DEVELOPMENT_TEAM = 9E7V52UM47;
				INFOPLIST_FILE = "Podorozhnik/Supporting Files/Info.plist";
				LD_RUNPATH_SEARCH_PATHS = (
					"$(inherited)",
					"@executable_path/Frameworks",
				);
				MARKETING_VERSION = 1.1;
				PRODUCT_BUNDLE_IDENTIFIER = com.vbadisova.Podorozhnik;
				PRODUCT_NAME = "$(TARGET_NAME)";
				SWIFT_VERSION = 5.0;
				TARGETED_DEVICE_FAMILY = 1;
			};
			name = Release;
		};
/* End XCBuildConfiguration section */

/* Begin XCConfigurationList section */
		0451FBC121130C27001346C4 /* Build configuration list for PBXProject "Podorozhnik" */ = {
			isa = XCConfigurationList;
			buildConfigurations = (
				0451FBD621130C29001346C4 /* Debug */,
				0451FBD721130C29001346C4 /* Release */,
			);
			defaultConfigurationIsVisible = 0;
			defaultConfigurationName = Release;
		};
		0451FBD821130C29001346C4 /* Build configuration list for PBXNativeTarget "Podorozhnik" */ = {
			isa = XCConfigurationList;
			buildConfigurations = (
				0451FBD921130C29001346C4 /* Debug */,
				0451FBDA21130C29001346C4 /* Release */,
			);
			defaultConfigurationIsVisible = 0;
			defaultConfigurationName = Release;
		};
/* End XCConfigurationList section */
	};
	rootObject = 0451FBBE21130C27001346C4 /* Project object */;
}
